
Microsoft Visual Studio Solution File, Format Version 12.00
# Visual Studio Version 16
VisualStudioVersion = 16.0.30225.117
MinimumVisualStudioVersion = 10.0.40219.1
Project("{FAE04EC0-301F-11D3-BF4B-00C04F79EFBC}") = "Encapsulation_001", "Encapsulation_001\Encapsulation_001.csproj", "{F5FDD460-BC7F-470F-B6E2-F57B7A14C1D8}"
EndProject
Project("{FAE04EC0-301F-11D3-BF4B-00C04F79EFBC}") = "Encapsulation_002", "Encapsulation_002\Encapsulation_002.csproj", "{CE6B1B91-4AD9-4D47-93E9-053ACEE2B6DE}"
EndProject
Project("{FAE04EC0-301F-11D3-BF4B-00C04F79EFBC}") = "Encapsulation_003", "Encapsulation_003\Encapsulation_003.csproj", "{3A836449-FE5C-4164-95F9-C3BAB9F97231}"
EndProject
Project("{FAE04EC0-301F-11D3-BF4B-00C04F79EFBC}") = "Encapsulation_004", "Encapsulation_004\Encapsulation_004.csproj", "{8A46C77A-276D-45A3-9851-515530E1526A}"
EndProject
Project("{FAE04EC0-301F-11D3-BF4B-00C04F79EFBC}") = "Encapsulation_005", "Encapsulation_005\Encapsulation_005.csproj", "{835A2771-83BE-4CFA-8593-058BE3B44787}"
EndProject
Global
	GlobalSection(SolutionConfigurationPlatforms) = preSolution
		Debug|Any CPU = Debug|Any CPU
		Release|Any CPU = Release|Any CPU
	EndGlobalSection
	GlobalSection(ProjectConfigurationPlatforms) = postSolution
		{F5FDD460-BC7F-470F-B6E2-F57B7A14C1D8}.Debug|Any CPU.ActiveCfg = Debug|Any CPU
		{F5FDD460-BC7F-470F-B6E2-F57B7A14C1D8}.Debug|Any CPU.Build.0 = Debug|Any CPU
		{F5FDD460-BC7F-470F-B6E2-F57B7A14C1D8}.Release|Any CPU.ActiveCfg = Release|Any CPU
		{F5FDD460-BC7F-470F-B6E2-F57B7A14C1D8}.Release|Any CPU.Build.0 = Release|Any CPU
		{CE6B1B91-4AD9-4D47-93E9-053ACEE2B6DE}.Debug|Any CPU.ActiveCfg = Debug|Any CPU
		{CE6B1B91-4AD9-4D47-93E9-053ACEE2B6DE}.Debug|Any CPU.Build.0 = Debug|Any CPU
		{CE6B1B91-4AD9-4D47-93E9-053ACEE2B6DE}.Release|Any CPU.ActiveCfg = Release|Any CPU
		{CE6B1B91-4AD9-4D47-93E9-053ACEE2B6DE}.Release|Any CPU.Build.0 = Release|Any CPU
		{3A836449-FE5C-4164-95F9-C3BAB9F97231}.Debug|Any CPU.ActiveCfg = Debug|Any CPU
		{3A836449-FE5C-4164-95F9-C3BAB9F97231}.Debug|Any CPU.Build.0 = Debug|Any CPU
		{3A836449-FE5C-4164-95F9-C3BAB9F97231}.Release|Any CPU.ActiveCfg = Release|Any CPU
		{3A836449-FE5C-4164-95F9-C3BAB9F97231}.Release|Any CPU.Build.0 = Release|Any CPU
		{8A46C77A-276D-45A3-9851-515530E1526A}.Debug|Any CPU.ActiveCfg = Debug|Any CPU
		{8A46C77A-276D-45A3-9851-515530E1526A}.Debug|Any CPU.Build.0 = Debug|Any CPU
		{8A46C77A-276D-45A3-9851-515530E1526A}.Release|Any CPU.ActiveCfg = Release|Any CPU
		{8A46C77A-276D-45A3-9851-515530E1526A}.Release|Any CPU.Build.0 = Release|Any CPU
		{835A2771-83BE-4CFA-8593-058BE3B44787}.Debug|Any CPU.ActiveCfg = Debug|Any CPU
		{835A2771-83BE-4CFA-8593-058BE3B44787}.Debug|Any CPU.Build.0 = Debug|Any CPU
		{835A2771-83BE-4CFA-8593-058BE3B44787}.Release|Any CPU.ActiveCfg = Release|Any CPU
		{835A2771-83BE-4CFA-8593-058BE3B44787}.Release|Any CPU.Build.0 = Release|Any CPU
	EndGlobalSection
	GlobalSection(SolutionProperties) = preSolution
		HideSolutionNode = FALSE
	EndGlobalSection
	GlobalSection(ExtensibilityGlobals) = postSolution
		SolutionGuid = {7BAD9598-6766-4E49-A2FE-9D2A39A87EC4}
	EndGlobalSection
EndGlobal
